
Microsoft Visual Studio Solution File, Format Version 12.00
# Visual Studio Version 16
VisualStudioVersion = 16.0.30804.86
MinimumVisualStudioVersion = 10.0.40219.1
Project("{FAE04EC0-301F-11D3-BF4B-00C04F79EFBC}") = "OopIntroduction", "OopIntroduction\OopIntroduction.csproj", "{C95F1FB7-42E4-4A91-83E2-99449DAFC299}"
EndProject
Project("{FAE04EC0-301F-11D3-BF4B-00C04F79EFBC}") = "DataHandleProject", "DataHandleProject\DataHandleProject.csproj", "{2C491FAC-DBB3-4ACD-89DE-7E203537BDA4}"
EndProject
Project("{FAE04EC0-301F-11D3-BF4B-00C04F79EFBC}") = "DataAccess", "DataAccess\DataAccess.csproj", "{AD9FC6BB-A0E5-43D5-AA95-6DBEABC07ECA}"
EndProject
Project("{FAE04EC0-301F-11D3-BF4B-00C04F79EFBC}") = "WebUi", "WebUi\WebUi.csproj", "{41B583BE-5838-4B52-9224-C16144B65FB5}"
EndProject
Global
	GlobalSection(SolutionConfigurationPlatforms) = preSolution
		Debug|Any CPU = Debug|Any CPU
		Release|Any CPU = Release|Any CPU
	EndGlobalSection
	GlobalSection(ProjectConfigurationPlatforms) = postSolution
		{C95F1FB7-42E4-4A91-83E2-99449DAFC299}.Debug|Any CPU.ActiveCfg = Debug|Any CPU
		{C95F1FB7-42E4-4A91-83E2-99449DAFC299}.Debug|Any CPU.Build.0 = Debug|Any CPU
		{C95F1FB7-42E4-4A91-83E2-99449DAFC299}.Release|Any CPU.ActiveCfg = Release|Any CPU
		{C95F1FB7-42E4-4A91-83E2-99449DAFC299}.Release|Any CPU.Build.0 = Release|Any CPU
		{2C491FAC-DBB3-4ACD-89DE-7E203537BDA4}.Debug|Any CPU.ActiveCfg = Debug|Any CPU
		{2C491FAC-DBB3-4ACD-89DE-7E203537BDA4}.Debug|Any CPU.Build.0 = Debug|Any CPU
		{2C491FAC-DBB3-4ACD-89DE-7E203537BDA4}.Release|Any CPU.ActiveCfg = Release|Any CPU
		{2C491FAC-DBB3-4ACD-89DE-7E203537BDA4}.Release|Any CPU.Build.0 = Release|Any CPU
		{AD9FC6BB-A0E5-43D5-AA95-6DBEABC07ECA}.Debug|Any CPU.ActiveCfg = Debug|Any CPU
		{AD9FC6BB-A0E5-43D5-AA95-6DBEABC07ECA}.Debug|Any CPU.Build.0 = Debug|Any CPU
		{AD9FC6BB-A0E5-43D5-AA95-6DBEABC07ECA}.Release|Any CPU.ActiveCfg = Release|Any CPU
		{AD9FC6BB-A0E5-43D5-AA95-6DBEABC07ECA}.Release|Any CPU.Build.0 = Release|Any CPU
		{41B583BE-5838-4B52-9224-C16144B65FB5}.Debug|Any CPU.ActiveCfg = Debug|Any CPU
		{41B583BE-5838-4B52-9224-C16144B65FB5}.Debug|Any CPU.Build.0 = Debug|Any CPU
		{41B583BE-5838-4B52-9224-C16144B65FB5}.Release|Any CPU.ActiveCfg = Release|Any CPU
		{41B583BE-5838-4B52-9224-C16144B65FB5}.Release|Any CPU.Build.0 = Release|Any CPU
	EndGlobalSection
	GlobalSection(SolutionProperties) = preSolution
		HideSolutionNode = FALSE
	EndGlobalSection
	GlobalSection(ExtensibilityGlobals) = postSolution
		SolutionGuid = {5F697655-2F92-4B16-8B53-0BEC3AF42890}
	EndGlobalSection
EndGlobal
